dependencies:
- name: postgresql
  repository: https://kubernetes-charts.storage.googleapis.com/
  version: 3.18.0
- name: mysql
  repository: https://kubernetes-charts.storage.googleapis.com/
  version: 0.15.0
- name: nginx-ingress
  repository: https://kubernetes-charts.storage.googleapis.com/
  version: 1.4.0
digest: sha256:11af9dad20fdef68a5e8fdf597d7a268243b437c621d91ee32f0f4f76b489de3
generated: 2019-04-17T21:32:25.330857+03:00
